Microsoft Visual Studio Solution File, Format Version 12.00
# Visual Studio Version 17
VisualStudioVersion = 17.5.2.0
MinimumVisualStudioVersion = 10.0.40219.1
Project("{FAE04EC0-301F-11D3-BF4B-00C04F79EFBC}") = "SnackToSixPack", "SnackToSixPack.csproj", "{C4E09AF9-055B-3600-472F-9031DB83DD5B}"
EndProject
Global
	GlobalSection(SolutionConfigurationPlatforms) = preSolution
		Debug|Any CPU = Debug|Any CPU
		Release|Any CPU = Release|Any CPU
	EndGlobalSection
	GlobalSection(ProjectConfigurationPlatforms) = postSolution
		{C4E09AF9-055B-3600-472F-9031DB83DD5B}.Debug|Any CPU.ActiveCfg = Debug|Any CPU
		{C4E09AF9-055B-3600-472F-9031DB83DD5B}.Debug|Any CPU.Build.0 = Debug|Any CPU
		{C4E09AF9-055B-3600-472F-9031DB83DD5B}.Release|Any CPU.ActiveCfg = Release|Any CPU
		{C4E09AF9-055B-3600-472F-9031DB83DD5B}.Release|Any CPU.Build.0 = Release|Any CPU
	EndGlobalSection
	GlobalSection(SolutionProperties) = preSolution
		HideSolutionNode = FALSE
	EndGlobalSection
	GlobalSection(ExtensibilityGlobals) = postSolution
		SolutionGuid = {4730E67E-1594-422F-BCF4-7CFF2FFE57D1}
	EndGlobalSection
EndGlobal
